
Microsoft Visual Studio Solution File, Format Version 12.00
# Visual Studio Version 16
VisualStudioVersion = 16.0.31313.79
MinimumVisualStudioVersion = 10.0.40219.1
Project("{FAE04EC0-301F-11D3-BF4B-00C04F79EFBC}") = "DuckApp", "DuckApp.csproj", "{54C91A00-BED7-44E8-8E85-BC0D29158DA2}"
EndProject
Global
	GlobalSection(SolutionConfigurationPlatforms) = preSolution
		Debug|Any CPU = Debug|Any CPU
		Release|Any CPU = Release|Any CPU
	EndGlobalSection
	GlobalSection(ProjectConfigurationPlatforms) = postSolution
		{54C91A00-BED7-44E8-8E85-BC0D29158DA2}.Debug|Any CPU.ActiveCfg = Debug|Any CPU
		{54C91A00-BED7-44E8-8E85-BC0D29158DA2}.Debug|Any CPU.Build.0 = Debug|Any CPU
		{54C91A00-BED7-44E8-8E85-BC0D29158DA2}.Release|Any CPU.ActiveCfg = Release|Any CPU
		{54C91A00-BED7-44E8-8E85-BC0D29158DA2}.Release|Any CPU.Build.0 = Release|Any CPU
	EndGlobalSection
	GlobalSection(SolutionProperties) = preSolution
		HideSolutionNode = FALSE
	EndGlobalSection
	GlobalSection(ExtensibilityGlobals) = postSolution
		SolutionGuid = {D6F9B33F-F760-4F88-B4EA-010E0EB6104B}
	EndGlobalSection
EndGlobal
